// !$*UTF8*$!
{
	archiveVersion = 1;
	classes = {
	};
	objectVersion = 46;
	objects = {

/* Begin PBXBuildFile section */
		091096CF167DB35500B94984 /* LoginView.xib in Resources */ = {isa = PBXBuildFile; fileRef = 091096CE167DB35500B94984 /* LoginView.xib */; };
		091096D1167DB36200B94984 /* Simperium.framework in Frameworks */ = {isa = PBXBuildFile; fileRef = 091096D0167DB36200B94984 /* Simperium.framework */; };
		091096DF167E7EB800B94984 /* CJIMLoginViewController.m in Sources */ = {isa = PBXBuildFile; fileRef = 091096DE167E7EB800B94984 /* CJIMLoginViewController.m */; };
		09525614167EE9FC0073755C /* CJIMNewMessageController.m in Sources */ = {isa = PBXBuildFile; fileRef = 09525613167EE9FC0073755C /* CJIMNewMessageController.m */; };
		0952561F167F0CF10073755C /* Message.m in Sources */ = {isa = PBXBuildFile; fileRef = 0952561E167F0CF10073755C /* Message.m */; };
		09525622167F2F8E0073755C /* CJIMCustomTableViewCell.m in Sources */ = {isa = PBXBuildFile; fileRef = 09525621167F2F8E0073755C /* CJIMCustomTableViewCell.m */; };
		09525628167F6DDA0073755C /* 83-calendar.png in Resources */ = {isa = PBXBuildFile; fileRef = 09525627167F6DDA0073755C /* 83-calendar.png */; };
		0952562A167F6E020073755C /* 179-notepad.png in Resources */ = {isa = PBXBuildFile; fileRef = 09525629167F6E010073755C /* 179-notepad.png */; };
		0952562C167F6E1E0073755C /* 123-id-card.png in Resources */ = {isa = PBXBuildFile; fileRef = 0952562B167F6E1E0073755C /* 123-id-card.png */; };
		0952562E167F6E480073755C /* 112-group.png in Resources */ = {isa = PBXBuildFile; fileRef = 0952562D167F6E480073755C /* 112-group.png */; };
		09525630167F6E700073755C /* 18-envelope.png in Resources */ = {isa = PBXBuildFile; fileRef = 0952562F167F6E700073755C /* 18-envelope.png */; };
		09525632167F6E7B0073755C /* 09-chat-2.png in Resources */ = {isa = PBXBuildFile; fileRef = 09525631167F6E7B0073755C /* 09-chat-2.png */; };
		09525634167F6E810073755C /* 08-chat.png in Resources */ = {isa = PBXBuildFile; fileRef = 09525633167F6E810073755C /* 08-chat.png */; };
		09525636167F6E8B0073755C /* 07-map-marker.png in Resources */ = {isa = PBXBuildFile; fileRef = 09525635167F6E8B0073755C /* 07-map-marker.png */; };
		09525638167F6EAA0073755C /* 53-house.png in Resources */ = {isa = PBXBuildFile; fileRef = 09525637167F6EAA0073755C /* 53-house.png */; };
		0952563A167F6EBB0073755C /* 56-cloud.png in Resources */ = {isa = PBXBuildFile; fileRef = 09525639167F6EBB0073755C /* 56-cloud.png */; };
		0952563C167F6EF20073755C /* 124-bullhorn.png in Resources */ = {isa = PBXBuildFile; fileRef = 0952563B167F6EF20073755C /* 124-bullhorn.png */; };
		095341FC167F7A52004B8E1B /* Kal.bundle in Resources */ = {isa = PBXBuildFile; fileRef = 095341FB167F7A52004B8E1B /* Kal.bundle */; };
		0953420A167F83D3004B8E1B /* src in Resources */ = {isa = PBXBuildFile; fileRef = 09534209167F83D3004B8E1B /* src */; };
		0953420F167F891E004B8E1B /* 103-map.png in Resources */ = {isa = PBXBuildFile; fileRef = 0953420E167F891E004B8E1B /* 103-map.png */; };
		09534360167FD81B004B8E1B /* main_icon.png in Resources */ = {isa = PBXBuildFile; fileRef = 0953435F167FD81B004B8E1B /* main_icon.png */; };
		09534362167FD93E004B8E1B /* 121-landscape.png in Resources */ = {isa = PBXBuildFile; fileRef = 09534361167FD93E004B8E1B /* 121-landscape.png */; };
		09534364167FD94E004B8E1B /* 86-camera.png in Resources */ = {isa = PBXBuildFile; fileRef = 09534363167FD94E004B8E1B /* 86-camera.png */; };
		09534366167FD961004B8E1B /* 42-photos.png in Resources */ = {isa = PBXBuildFile; fileRef = 09534365167FD961004B8E1B /* 42-photos.png */; };
		0953436E167FE030004B8E1B /* CJIMEventsTableViewController.m in Sources */ = {isa = PBXBuildFile; fileRef = 0953436D167FE030004B8E1B /* CJIMEventsTableViewController.m */; };
		09534371167FE28B004B8E1B /* Event.m in Sources */ = {isa = PBXBuildFile; fileRef = 09534370167FE28B004B8E1B /* Event.m */; };
		09534374167FE413004B8E1B /* CJIMNewEventController.m in Sources */ = {isa = PBXBuildFile; fileRef = 09534373167FE413004B8E1B /* CJIMNewEventController.m */; };
		09534375167FF6F3004B8E1B /* MapKit.framework in Frameworks */ = {isa = PBXBuildFile; fileRef = 095341E7167F7724004B8E1B /* MapKit.framework */; };
		09534378167FFA79004B8E1B /* User.m in Sources */ = {isa = PBXBuildFile; fileRef = 09534377167FFA78004B8E1B /* User.m */; };
		0953437E16801409004B8E1B /* CoreLocation.framework in Frameworks */ = {isa = PBXBuildFile; fileRef = 0953437D16801409004B8E1B /* CoreLocation.framework */; };
		095343851680257F004B8E1B /* CJIMMapViewController.m in Sources */ = {isa = PBXBuildFile; fileRef = 095343841680257F004B8E1B /* CJIMMapViewController.m */; };
		098118AC167CCBF9004C0C82 /* SystemConfiguration.framework in Frameworks */ = {isa = PBXBuildFile; fileRef = 098118AB167CCBF9004C0C82 /* SystemConfiguration.framework */; };
		098118AE167CCC02004C0C82 /* MobileCoreServices.framework in Frameworks */ = {isa = PBXBuildFile; fileRef = 098118AD167CCC02004C0C82 /* MobileCoreServices.framework */; };
		098118B0167CCC0A004C0C82 /* CFNetwork.framework in Frameworks */ = {isa = PBXBuildFile; fileRef = 098118AF167CCC0A004C0C82 /* CFNetwork.framework */; };
		098118B2167CCC17004C0C82 /* Security.framework in Frameworks */ = {isa = PBXBuildFile; fileRef = 098118B1167CCC17004C0C82 /* Security.framework */; };
		098118B4167CCE10004C0C82 /* libz.dylib in Frameworks */ = {isa = PBXBuildFile; fileRef = 098118B3167CCE10004C0C82 /* libz.dylib */; };
		098118B6167CCE28004C0C82 /* libicucore.dylib in Frameworks */ = {isa = PBXBuildFile; fileRef = 098118B5167CCE28004C0C82 /* libicucore.dylib */; };
		098118C6167CD05C004C0C82 /* Location.m in Sources */ = {isa = PBXBuildFile; fileRef = 098118C5167CD05C004C0C82 /* Location.m */; };
		09D8D13E167CCA070000BAA0 /* UIKit.framework in Frameworks */ = {isa = PBXBuildFile; fileRef = 09D8D13D167CCA070000BAA0 /* UIKit.framework */; };
		09D8D140167CCA070000BAA0 /* Foundation.framework in Frameworks */ = {isa = PBXBuildFile; fileRef = 09D8D13F167CCA070000BAA0 /* Foundation.framework */; };
		09D8D142167CCA070000BAA0 /* CoreGraphics.framework in Frameworks */ = {isa = PBXBuildFile; fileRef = 09D8D141167CCA070000BAA0 /* CoreGraphics.framework */; };
		09D8D144167CCA070000BAA0 /* CoreData.framework in Frameworks */ = {isa = PBXBuildFile; fileRef = 09D8D143167CCA070000BAA0 /* CoreData.framework */; };
		09D8D14A167CCA070000BAA0 /* InfoPlist.strings in Resources */ = {isa = PBXBuildFile; fileRef = 09D8D148167CCA070000BAA0 /* InfoPlist.strings */; };
		09D8D14C167CCA070000BAA0 /* main.m in Sources */ = {isa = PBXBuildFile; fileRef = 09D8D14B167CCA070000BAA0 /* main.m */; };
		09D8D150167CCA070000BAA0 /* CJIMAppDelegate.m in Sources */ = {isa = PBXBuildFile; fileRef = 09D8D14F167CCA070000BAA0 /* CJIMAppDelegate.m */; };
		09D8D152167CCA070000BAA0 /* Default.png in Resources */ = {isa = PBXBuildFile; fileRef = 09D8D151167CCA070000BAA0 /* Default.png */; };
		09D8D154167CCA070000BAA0 /* Default@2x.png in Resources */ = {isa = PBXBuildFile; fileRef = 09D8D153167CCA070000BAA0 /* Default@2x.png */; };
		09D8D156167CCA070000BAA0 /* Default-568h@2x.png in Resources */ = {isa = PBXBuildFile; fileRef = 09D8D155167CCA070000BAA0 /* Default-568h@2x.png */; };
		09D8D159167CCA070000BAA0 /* MainStoryboard.storyboard in Resources */ = {isa = PBXBuildFile; fileRef = 09D8D157167CCA070000BAA0 /* MainStoryboard.storyboard */; };
		09D8D15C167CCA070000BAA0 /* ImFamilyApp.xcdatamodeld in Sources */ = {isa = PBXBuildFile; fileRef = 09D8D15A167CCA070000BAA0 /* ImFamilyApp.xcdatamodeld */; };
		09D8D15F167CCA070000BAA0 /* CJIMMasterViewController.m in Sources */ = {isa = PBXBuildFile; fileRef = 09D8D15E167CCA070000BAA0 /* CJIMMasterViewController.m */; };
		09D8D162167CCA070000BAA0 /* CJIMDetailViewController.m in Sources */ = {isa = PBXBuildFile; fileRef = 09D8D161167CCA070000BAA0 /* CJIMDetailViewController.m */; };
/* End PBXBuildFile section */

/* Begin PBXFileReference section */
		091096CE167DB35500B94984 /* LoginView.xib */ = {isa = PBXFileReference; fileEncoding = 4; lastKnownFileType = file.xib; path = LoginView.xib; sourceTree = "<group>"; };
		091096D0167DB36200B94984 /* Simperium.framework */ = {isa = PBXFileReference; lastKnownFileType = wrapper.framework; path = Simperium.framework; sourceTree = "<group>"; };
		091096DD167E7EB800B94984 /* CJIMLoginViewController.h */ = {isa = PBXFileReference; fileEncoding = 4; lastKnownFileType = sourcecode.c.h; path = CJIMLoginViewController.h; sourceTree = "<group>"; };
		091096DE167E7EB800B94984 /* CJIMLoginViewController.m */ = {isa = PBXFileReference; fileEncoding = 4; lastKnownFileType = sourcecode.c.objc; path = CJIMLoginViewController.m; sourceTree = "<group>"; };
		09525612167EE9FC0073755C /* CJIMNewMessageController.h */ = {isa = PBXFileReference; fileEncoding = 4; lastKnownFileType = sourcecode.c.h; path = CJIMNewMessageController.h; sourceTree = "<group>"; };
		09525613167EE9FC0073755C /* CJIMNewMessageController.m */ = {isa = PBXFileReference; fileEncoding = 4; lastKnownFileType = sourcecode.c.objc; path = CJIMNewMessageController.m; sourceTree = "<group>"; };
		0952561D167F0CF10073755C /* Message.h */ = {isa = PBXFileReference; fileEncoding = 4; lastKnownFileType = sourcecode.c.h; path = Message.h; sourceTree = "<group>"; };
		0952561E167F0CF10073755C /* Message.m */ = {isa = PBXFileReference; fileEncoding = 4; lastKnownFileType = sourcecode.c.objc; path = Message.m; sourceTree = "<group>"; };
		09525620167F2F8E0073755C /* CJIMCustomTableViewCell.h */ = {isa = PBXFileReference; fileEncoding = 4; lastKnownFileType = sourcecode.c.h; path = CJIMCustomTableViewCell.h; sourceTree = "<group>"; };
		09525621167F2F8E0073755C /* CJIMCustomTableViewCell.m */ = {isa = PBXFileReference; fileEncoding = 4; lastKnownFileType = sourcecode.c.objc; path = CJIMCustomTableViewCell.m; sourceTree = "<group>"; };
		09525627167F6DDA0073755C /* 83-calendar.png */ = {isa = PBXFileReference; lastKnownFileType = image.png; path = "83-calendar.png"; sourceTree = "<group>"; };
		09525629167F6E010073755C /* 179-notepad.png */ = {isa = PBXFileReference; lastKnownFileType = image.png; path = "179-notepad.png"; sourceTree = "<group>"; };
		0952562B167F6E1E0073755C /* 123-id-card.png */ = {isa = PBXFileReference; lastKnownFileType = image.png; path = "123-id-card.png"; sourceTree = "<group>"; };
		0952562D167F6E480073755C /* 112-group.png */ = {isa = PBXFileReference; lastKnownFileType = image.png; path = "112-group.png"; sourceTree = "<group>"; };
		0952562F167F6E700073755C /* 18-envelope.png */ = {isa = PBXFileReference; lastKnownFileType = image.png; path = "18-envelope.png"; sourceTree = "<group>"; };
		09525631167F6E7B0073755C /* 09-chat-2.png */ = {isa = PBXFileReference; lastKnownFileType = image.png; path = "09-chat-2.png"; sourceTree = "<group>"; };
		09525633167F6E810073755C /* 08-chat.png */ = {isa = PBXFileReference; lastKnownFileType = image.png; path = "08-chat.png"; sourceTree = "<group>"; };
		09525635167F6E8B0073755C /* 07-map-marker.png */ = {isa = PBXFileReference; lastKnownFileType = image.png; path = "07-map-marker.png"; sourceTree = "<group>"; };
		09525637167F6EAA0073755C /* 53-house.png */ = {isa = PBXFileReference; lastKnownFileType = image.png; path = "53-house.png"; sourceTree = "<group>"; };
		09525639167F6EBB0073755C /* 56-cloud.png */ = {isa = PBXFileReference; lastKnownFileType = image.png; path = "56-cloud.png"; sourceTree = "<group>"; };
		0952563B167F6EF20073755C /* 124-bullhorn.png */ = {isa = PBXFileReference; lastKnownFileType = image.png; path = "124-bullhorn.png"; sourceTree = "<group>"; };
		095341E7167F7724004B8E1B /* MapKit.framework */ = {isa = PBXFileReference; lastKnownFileType = wrapper.framework; name = MapKit.framework; path = System/Library/Frameworks/MapKit.framework; sourceTree = SDKROOT; };
		095341E9167F772A004B8E1B /* QuartzCore.framework */ = {isa = PBXFileReference; lastKnownFileType = wrapper.framework; name = QuartzCore.framework; path = System/Library/Frameworks/QuartzCore.framework; sourceTree = SDKROOT; };
		095341FB167F7A52004B8E1B /* Kal.bundle */ = {isa = PBXFileReference; lastKnownFileType = "wrapper.plug-in"; name = Kal.bundle; path = Kal/src/Kal.bundle; sourceTree = "<group>"; };
		09534209167F83D3004B8E1B /* src */ = {isa = PBXFileReference; lastKnownFileType = folder; path = src; sourceTree = "<group>"; };
		0953420E167F891E004B8E1B /* 103-map.png */ = {isa = PBXFileReference; lastKnownFileType = image.png; path = "103-map.png"; sourceTree = "<group>"; };
		0953435F167FD81B004B8E1B /* main_icon.png */ = {isa = PBXFileReference; lastKnownFileType = image.png; path = main_icon.png; sourceTree = "<group>"; };
		09534361167FD93E004B8E1B /* 121-landscape.png */ = {isa = PBXFileReference; lastKnownFileType = image.png; path = "121-landscape.png"; sourceTree = "<group>"; };
		09534363167FD94E004B8E1B /* 86-camera.png */ = {isa = PBXFileReference; lastKnownFileType = image.png; path = "86-camera.png"; sourceTree = "<group>"; };
		09534365167FD961004B8E1B /* 42-photos.png */ = {isa = PBXFileReference; lastKnownFileType = image.png; path = "42-photos.png"; sourceTree = "<group>"; };
		0953436C167FE030004B8E1B /* CJIMEventsTableViewController.h */ = {isa = PBXFileReference; fileEncoding = 4; lastKnownFileType = sourcecode.c.h; path = CJIMEventsTableViewController.h; sourceTree = "<group>"; };
		0953436D167FE030004B8E1B /* CJIMEventsTableViewController.m */ = {isa = PBXFileReference; fileEncoding = 4; lastKnownFileType = sourcecode.c.objc; path = CJIMEventsTableViewController.m; sourceTree = "<group>"; };
		0953436F167FE28B004B8E1B /* Event.h */ = {isa = PBXFileReference; fileEncoding = 4; lastKnownFileType = sourcecode.c.h; path = Event.h; sourceTree = "<group>"; };
		09534370167FE28B004B8E1B /* Event.m */ = {isa = PBXFileReference; fileEncoding = 4; lastKnownFileType = sourcecode.c.objc; path = Event.m; sourceTree = "<group>"; };
		09534372167FE413004B8E1B /* CJIMNewEventController.h */ = {isa = PBXFileReference; fileEncoding = 4; lastKnownFileType = sourcecode.c.h; path = CJIMNewEventController.h; sourceTree = "<group>"; };
		09534373167FE413004B8E1B /* CJIMNewEventController.m */ = {isa = PBXFileReference; fileEncoding = 4; lastKnownFileType = sourcecode.c.objc; path = CJIMNewEventController.m; sourceTree = "<group>"; };
		09534376167FFA78004B8E1B /* User.h */ = {isa = PBXFileReference; fileEncoding = 4; lastKnownFileType = sourcecode.c.h; path = User.h; sourceTree = "<group>"; };
		09534377167FFA78004B8E1B /* User.m */ = {isa = PBXFileReference; fileEncoding = 4; lastKnownFileType = sourcecode.c.objc; path = User.m; sourceTree = "<group>"; };
		0953437D16801409004B8E1B /* CoreLocation.framework */ = {isa = PBXFileReference; lastKnownFileType = wrapper.framework; name = CoreLocation.framework; path = System/Library/Frameworks/CoreLocation.framework; sourceTree = SDKROOT; };
		095343831680257F004B8E1B /* CJIMMapViewController.h */ = {isa = PBXFileReference; fileEncoding = 4; lastKnownFileType = sourcecode.c.h; path = CJIMMapViewController.h; sourceTree = "<group>"; };
		095343841680257F004B8E1B /* CJIMMapViewController.m */ = {isa = PBXFileReference; fileEncoding = 4; lastKnownFileType = sourcecode.c.objc; path = CJIMMapViewController.m; sourceTree = "<group>"; };
		098118AB167CCBF9004C0C82 /* SystemConfiguration.framework */ = {isa = PBXFileReference; lastKnownFileType = wrapper.framework; name = SystemConfiguration.framework; path = System/Library/Frameworks/SystemConfiguration.framework; sourceTree = SDKROOT; };
		098118AD167CCC02004C0C82 /* MobileCoreServices.framework */ = {isa = PBXFileReference; lastKnownFileType = wrapper.framework; name = MobileCoreServices.framework; path = System/Library/Frameworks/MobileCoreServices.framework; sourceTree = SDKROOT; };
		098118AF167CCC0A004C0C82 /* CFNetwork.framework */ = {isa = PBXFileReference; lastKnownFileType = wrapper.framework; name = CFNetwork.framework; path = System/Library/Frameworks/CFNetwork.framework; sourceTree = SDKROOT; };
		098118B1167CCC17004C0C82 /* Security.framework */ = {isa = PBXFileReference; lastKnownFileType = wrapper.framework; name = Security.framework; path = System/Library/Frameworks/Security.framework; sourceTree = SDKROOT; };
		098118B3167CCE10004C0C82 /* libz.dylib */ = {isa = PBXFileReference; lastKnownFileType = "compiled.mach-o.dylib"; name = libz.dylib; path = usr/lib/libz.dylib; sourceTree = SDKROOT; };
		098118B5167CCE28004C0C82 /* libicucore.dylib */ = {isa = PBXFileReference; lastKnownFileType = "compiled.mach-o.dylib"; name = libicucore.dylib; path = usr/lib/libicucore.dylib; sourceTree = SDKROOT; };
		098118C4167CD05C004C0C82 /* Location.h */ = {isa = PBXFileReference; fileEncoding = 4; lastKnownFileType = sourcecode.c.h; path = Location.h; sourceTree = "<group>"; };
		098118C5167CD05C004C0C82 /* Location.m */ = {isa = PBXFileReference; fileEncoding = 4; lastKnownFileType = sourcecode.c.objc; path = Location.m; sourceTree = "<group>"; };
		09D8D139167CCA070000BAA0 /* KpImInTouch.app */ = {isa = PBXFileReference; explicitFileType = wrapper.application; includeInIndex = 0; path = KpImInTouch.app; sourceTree = BUILT_PRODUCTS_DIR; };
		09D8D13D167CCA070000BAA0 /* UIKit.framework */ = {isa = PBXFileReference; lastKnownFileType = wrapper.framework; name = UIKit.framework; path = System/Library/Frameworks/UIKit.framework; sourceTree = SDKROOT; };
		09D8D13F167CCA070000BAA0 /* Foundation.framework */ = {isa = PBXFileReference; lastKnownFileType = wrapper.framework; name = Foundation.framework; path = System/Library/Frameworks/Foundation.framework; sourceTree = SDKROOT; };
		09D8D141167CCA070000BAA0 /* CoreGraphics.framework */ = {isa = PBXFileReference; lastKnownFileType = wrapper.framework; name = CoreGraphics.framework; path = System/Library/Frameworks/CoreGraphics.framework; sourceTree = SDKROOT; };
		09D8D143167CCA070000BAA0 /* CoreData.framework */ = {isa = PBXFileReference; lastKnownFileType = wrapper.framework; name = CoreData.framework; path = System/Library/Frameworks/CoreData.framework; sourceTree = SDKROOT; };
		09D8D147167CCA070000BAA0 /* ImFamilyApp-Info.plist */ = {isa = PBXFileReference; lastKnownFileType = text.plist.xml; path = "ImFamilyApp-Info.plist"; sourceTree = "<group>"; };
		09D8D149167CCA070000BAA0 /* en */ = {isa = PBXFileReference; lastKnownFileType = text.plist.strings; name = en; path = en.lproj/InfoPlist.strings; sourceTree = "<group>"; };
		09D8D14B167CCA070000BAA0 /* main.m */ = {isa = PBXFileReference; lastKnownFileType = sourcecode.c.objc; path = main.m; sourceTree = "<group>"; };
		09D8D14D167CCA070000BAA0 /* ImFamilyApp-Prefix.pch */ = {isa = PBXFileReference; lastKnownFileType = sourcecode.c.h; path = "ImFamilyApp-Prefix.pch"; sourceTree = "<group>"; };
		09D8D14E167CCA070000BAA0 /* CJIMAppDelegate.h */ = {isa = PBXFileReference; lastKnownFileType = sourcecode.c.h; path = CJIMAppDelegate.h; sourceTree = "<group>"; };
		09D8D14F167CCA070000BAA0 /* CJIMAppDelegate.m */ = {isa = PBXFileReference; lastKnownFileType = sourcecode.c.objc; path = CJIMAppDelegate.m; sourceTree = "<group>"; };
		09D8D151167CCA070000BAA0 /* Default.png */ = {isa = PBXFileReference; lastKnownFileType = image.png; path = Default.png; sourceTree = "<group>"; };
		09D8D153167CCA070000BAA0 /* Default@2x.png */ = {isa = PBXFileReference; lastKnownFileType = image.png; path = "Default@2x.png"; sourceTree = "<group>"; };
		09D8D155167CCA070000BAA0 /* Default-568h@2x.png */ = {isa = PBXFileReference; lastKnownFileType = image.png; path = "Default-568h@2x.png"; sourceTree = "<group>"; };
		09D8D158167CCA070000BAA0 /* en */ = {isa = PBXFileReference; lastKnownFileType = file.storyboard; name = en; path = en.lproj/MainStoryboard.storyboard; sourceTree = "<group>"; };
		09D8D15B167CCA070000BAA0 /* ImFamilyApp.xcdatamodel */ = {isa = PBXFileReference; lastKnownFileType = wrapper.xcdatamodel; path = ImFamilyApp.xcdatamodel; sourceTree = "<group>"; };
		09D8D15D167CCA070000BAA0 /* CJIMMasterViewController.h */ = {isa = PBXFileReference; lastKnownFileType = sourcecode.c.h; path = CJIMMasterViewController.h; sourceTree = "<group>"; };
		09D8D15E167CCA070000BAA0 /* CJIMMasterViewController.m */ = {isa = PBXFileReference; lastKnownFileType = sourcecode.c.objc; path = CJIMMasterViewController.m; sourceTree = "<group>"; };
		09D8D160167CCA070000BAA0 /* CJIMDetailViewController.h */ = {isa = PBXFileReference; lastKnownFileType = sourcecode.c.h; path = CJIMDetailViewController.h; sourceTree = "<group>"; };
		09D8D161167CCA070000BAA0 /* CJIMDetailViewController.m */ = {isa = PBXFileReference; lastKnownFileType = sourcecode.c.objc; path = CJIMDetailViewController.m; sourceTree = "<group>"; };
/* End PBXFileReference section */

/* Begin PBXFrameworksBuildPhase section */
		09D8D136167CCA070000BAA0 /* Frameworks */ = {
			isa = PBXFrameworksBuildPhase;
			buildActionMask = 2147483647;
			files = (
				0953437E16801409004B8E1B /* CoreLocation.framework in Frameworks */,
				09534375167FF6F3004B8E1B /* MapKit.framework in Frameworks */,
				098118B6167CCE28004C0C82 /* libicucore.dylib in Frameworks */,
				098118B4167CCE10004C0C82 /* libz.dylib in Frameworks */,
				098118B2167CCC17004C0C82 /* Security.framework in Frameworks */,
				098118B0167CCC0A004C0C82 /* CFNetwork.framework in Frameworks */,
				098118AE167CCC02004C0C82 /* MobileCoreServices.framework in Frameworks */,
				098118AC167CCBF9004C0C82 /* SystemConfiguration.framework in Frameworks */,
				09D8D13E167CCA070000BAA0 /* UIKit.framework in Frameworks */,
				09D8D140167CCA070000BAA0 /* Foundation.framework in Frameworks */,
				09D8D142167CCA070000BAA0 /* CoreGraphics.framework in Frameworks */,
				09D8D144167CCA070000BAA0 /* CoreData.framework in Frameworks */,
				091096D1167DB36200B94984 /* Simperium.framework in Frameworks */,
			);
			runOnlyForDeploymentPostprocessing = 0;
		};
/* End PBXFrameworksBuildPhase section */

/* Begin PBXGroup section */
		09534367167FD995004B8E1B /* Message Board */ = {
			isa = PBXGroup;
			children = (
				09525612167EE9FC0073755C /* CJIMNewMessageController.h */,
				09525613167EE9FC0073755C /* CJIMNewMessageController.m */,
				09D8D160167CCA070000BAA0 /* CJIMDetailViewController.h */,
				09D8D161167CCA070000BAA0 /* CJIMDetailViewController.m */,
				09D8D15D167CCA070000BAA0 /* CJIMMasterViewController.h */,
				09D8D15E167CCA070000BAA0 /* CJIMMasterViewController.m */,
				091096DD167E7EB800B94984 /* CJIMLoginViewController.h */,
				091096DE167E7EB800B94984 /* CJIMLoginViewController.m */,
			);
			name = "Message Board";
			sourceTree = "<group>";
		};
		09534368167FD9BE004B8E1B /* Core Data */ = {
			isa = PBXGroup;
			children = (
				09D8D15A167CCA070000BAA0 /* ImFamilyApp.xcdatamodeld */,
				09534376167FFA78004B8E1B /* User.h */,
				09534377167FFA78004B8E1B /* User.m */,
				0953436F167FE28B004B8E1B /* Event.h */,
				09534370167FE28B004B8E1B /* Event.m */,
				0952561D167F0CF10073755C /* Message.h */,
				0952561E167F0CF10073755C /* Message.m */,
				098118C4167CD05C004C0C82 /* Location.h */,
				098118C5167CD05C004C0C82 /* Location.m */,
			);
			name = "Core Data";
			sourceTree = "<group>";
		};
		09534369167FD9D0004B8E1B /* Application */ = {
			isa = PBXGroup;
			children = (
				09525620167F2F8E0073755C /* CJIMCustomTableViewCell.h */,
				09525621167F2F8E0073755C /* CJIMCustomTableViewCell.m */,
				091096CE167DB35500B94984 /* LoginView.xib */,
				09D8D14E167CCA070000BAA0 /* CJIMAppDelegate.h */,
				09D8D14F167CCA070000BAA0 /* CJIMAppDelegate.m */,
				09D8D157167CCA070000BAA0 /* MainStoryboard.storyboard */,
			);
			name = Application;
			sourceTree = "<group>";
		};
		0953436B167FDFF9004B8E1B /* Calendar */ = {
			isa = PBXGroup;
			children = (
				0953436C167FE030004B8E1B /* CJIMEventsTableViewController.h */,
				0953436D167FE030004B8E1B /* CJIMEventsTableViewController.m */,
				09534372167FE413004B8E1B /* CJIMNewEventController.h */,
				09534373167FE413004B8E1B /* CJIMNewEventController.m */,
			);
			name = Calendar;
			sourceTree = "<group>";
		};
		0953437F1680211A004B8E1B /* Map */ = {
			isa = PBXGroup;
			children = (
				095343831680257F004B8E1B /* CJIMMapViewController.h */,
				095343841680257F004B8E1B /* CJIMMapViewController.m */,
			);
			name = Map;
			sourceTree = "<group>";
		};
		09D8D12E167CCA070000BAA0 = {
			isa = PBXGroup;
			children = (
				0953437D16801409004B8E1B /* CoreLocation.framework */,
				0953435F167FD81B004B8E1B /* main_icon.png */,
				095341FB167F7A52004B8E1B /* Kal.bundle */,
				09D8D145167CCA070000BAA0 /* ImFamilyApp */,
				09D8D13C167CCA070000BAA0 /* Frameworks */,
				09D8D13A167CCA070000BAA0 /* Products */,
			);
			sourceTree = "<group>";
		};
		09D8D13A167CCA070000BAA0 /* Products */ = {
			isa = PBXGroup;
			children = (
				09D8D139167CCA070000BAA0 /* KpImInTouch.app */,
			);
			name = Products;
			sourceTree = "<group>";
		};
		09D8D13C167CCA070000BAA0 /* Frameworks */ = {
			isa = PBXGroup;
			children = (
				095341E9167F772A004B8E1B /* QuartzCore.framework */,
				095341E7167F7724004B8E1B /* MapKit.framework */,
				098118B5167CCE28004C0C82 /* libicucore.dylib */,
				098118B3167CCE10004C0C82 /* libz.dylib */,
				098118B1167CCC17004C0C82 /* Security.framework */,
				098118AF167CCC0A004C0C82 /* CFNetwork.framework */,
				098118AD167CCC02004C0C82 /* MobileCoreServices.framework */,
				098118AB167CCBF9004C0C82 /* SystemConfiguration.framework */,
				091096D0167DB36200B94984 /* Simperium.framework */,
				09D8D13D167CCA070000BAA0 /* UIKit.framework */,
				09D8D13F167CCA070000BAA0 /* Foundation.framework */,
				09D8D141167CCA070000BAA0 /* CoreGraphics.framework */,
				09D8D143167CCA070000BAA0 /* CoreData.framework */,
			);
			name = Frameworks;
			sourceTree = "<group>";
		};
		09D8D145167CCA070000BAA0 /* ImFamilyApp */ = {
			isa = PBXGroup;
			children = (
				09534209167F83D3004B8E1B /* src */,
				09534369167FD9D0004B8E1B /* Application */,
				09534367167FD995004B8E1B /* Message Board */,
				0953436B167FDFF9004B8E1B /* Calendar */,
				0953437F1680211A004B8E1B /* Map */,
				09534368167FD9BE004B8E1B /* Core Data */,
				09D8D146167CCA070000BAA0 /* Supporting Files */,
			);
			path = ImFamilyApp;
			sourceTree = "<group>";
		};
		09D8D146167CCA070000BAA0 /* Supporting Files */ = {
			isa = PBXGroup;
			children = (
				09534361167FD93E004B8E1B /* 121-landscape.png */,
				09534363167FD94E004B8E1B /* 86-camera.png */,
				09534365167FD961004B8E1B /* 42-photos.png */,
				0953420E167F891E004B8E1B /* 103-map.png */,
				0952563B167F6EF20073755C /* 124-bullhorn.png */,
				09525639167F6EBB0073755C /* 56-cloud.png */,
				09525637167F6EAA0073755C /* 53-house.png */,
				09525635167F6E8B0073755C /* 07-map-marker.png */,
				09525633167F6E810073755C /* 08-chat.png */,
				09525631167F6E7B0073755C /* 09-chat-2.png */,
				0952562F167F6E700073755C /* 18-envelope.png */,
				0952562D167F6E480073755C /* 112-group.png */,
				09525629167F6E010073755C /* 179-notepad.png */,
				0952562B167F6E1E0073755C /* 123-id-card.png */,
				09525627167F6DDA0073755C /* 83-calendar.png */,
				09D8D147167CCA070000BAA0 /* ImFamilyApp-Info.plist */,
				09D8D148167CCA070000BAA0 /* InfoPlist.strings */,
				09D8D14B167CCA070000BAA0 /* main.m */,
				09D8D14D167CCA070000BAA0 /* ImFamilyApp-Prefix.pch */,
				09D8D151167CCA070000BAA0 /* Default.png */,
				09D8D153167CCA070000BAA0 /* Default@2x.png */,
				09D8D155167CCA070000BAA0 /* Default-568h@2x.png */,
			);
			name = "Supporting Files";
			sourceTree = "<group>";
		};
/* End PBXGroup section */

/* Begin PBXNativeTarget section */
		09D8D138167CCA070000BAA0 /* ImFamilyApp */ = {
			isa = PBXNativeTarget;
			buildConfigurationList = 09D8D165167CCA070000BAA0 /* Build configuration list for PBXNativeTarget "ImFamilyApp" */;
			buildPhases = (
				09D8D135167CCA070000BAA0 /* Sources */,
				09D8D136167CCA070000BAA0 /* Frameworks */,
				09D8D137167CCA070000BAA0 /* Resources */,
			);
			buildRules = (
			);
			dependencies = (
			);
			name = ImFamilyApp;
			productName = ImFamilyApp;
			productReference = 09D8D139167CCA070000BAA0 /* KpImInTouch.app */;
			productType = "com.apple.product-type.application";
		};
/* End PBXNativeTarget section */

/* Begin PBXProject section */
		09D8D130167CCA070000BAA0 /* Project object */ = {
			isa = PBXProject;
			attributes = {
				CLASSPREFIX = CJIM;
				LastUpgradeCheck = 0450;
				ORGANIZATIONNAME = "James Im";
			};
			buildConfigurationList = 09D8D133167CCA070000BAA0 /* Build configuration list for PBXProject "ImFamilyApp" */;
			compatibilityVersion = "Xcode 3.2";
			developmentRegion = English;
			hasScannedForEncodings = 0;
			knownRegions = (
				en,
			);
			mainGroup = 09D8D12E167CCA070000BAA0;
			productRefGroup = 09D8D13A167CCA070000BAA0 /* Products */;
			projectDirPath = "";
			projectRoot = "";
			targets = (
				09D8D138167CCA070000BAA0 /* ImFamilyApp */,
			);
		};
/* End PBXProject section */

/* Begin PBXResourcesBuildPhase section */
		09D8D137167CCA070000BAA0 /* Resources */ = {
			isa = PBXResourcesBuildPhase;
			buildActionMask = 2147483647;
			files = (
				09D8D14A167CCA070000BAA0 /* InfoPlist.strings in Resources */,
				09D8D152167CCA070000BAA0 /* Default.png in Resources */,
				09D8D154167CCA070000BAA0 /* Default@2x.png in Resources */,
				09D8D156167CCA070000BAA0 /* Default-568h@2x.png in Resources */,
				09D8D159167CCA070000BAA0 /* MainStoryboard.storyboard in Resources */,
				091096CF167DB35500B94984 /* LoginView.xib in Resources */,
				09525628167F6DDA0073755C /* 83-calendar.png in Resources */,
				0952562A167F6E020073755C /* 179-notepad.png in Resources */,
				0952562C167F6E1E0073755C /* 123-id-card.png in Resources */,
				0952562E167F6E480073755C /* 112-group.png in Resources */,
				09525630167F6E700073755C /* 18-envelope.png in Resources */,
				09525632167F6E7B0073755C /* 09-chat-2.png in Resources */,
				09525634167F6E810073755C /* 08-chat.png in Resources */,
				09525636167F6E8B0073755C /* 07-map-marker.png in Resources */,
				09525638167F6EAA0073755C /* 53-house.png in Resources */,
				0952563A167F6EBB0073755C /* 56-cloud.png in Resources */,
				0952563C167F6EF20073755C /* 124-bullhorn.png in Resources */,
				095341FC167F7A52004B8E1B /* Kal.bundle in Resources */,
				0953420A167F83D3004B8E1B /* src in Resources */,
				0953420F167F891E004B8E1B /* 103-map.png in Resources */,
				09534360167FD81B004B8E1B /* main_icon.png in Resources */,
				09534362167FD93E004B8E1B /* 121-landscape.png in Resources */,
				09534364167FD94E004B8E1B /* 86-camera.png in Resources */,
				09534366167FD961004B8E1B /* 42-photos.png in Resources */,
			);
			runOnlyForDeploymentPostprocessing = 0;
		};
/* End PBXResourcesBuildPhase section */

/* Begin PBXSourcesBuildPhase section */
		09D8D135167CCA070000BAA0 /* Sources */ = {
			isa = PBXSourcesBuildPhase;
			buildActionMask = 2147483647;
			files = (
				09D8D14C167CCA070000BAA0 /* main.m in Sources */,
				09D8D150167CCA070000BAA0 /* CJIMAppDelegate.m in Sources */,
				09D8D15C167CCA070000BAA0 /* ImFamilyApp.xcdatamodeld in Sources */,
				09D8D15F167CCA070000BAA0 /* CJIMMasterViewController.m in Sources */,
				09D8D162167CCA070000BAA0 /* CJIMDetailViewController.m in Sources */,
				098118C6167CD05C004C0C82 /* Location.m in Sources */,
				091096DF167E7EB800B94984 /* CJIMLoginViewController.m in Sources */,
				09525614167EE9FC0073755C /* CJIMNewMessageController.m in Sources */,
				0952561F167F0CF10073755C /* Message.m in Sources */,
				09525622167F2F8E0073755C /* CJIMCustomTableViewCell.m in Sources */,
				0953436E167FE030004B8E1B /* CJIMEventsTableViewController.m in Sources */,
				09534371167FE28B004B8E1B /* Event.m in Sources */,
				09534374167FE413004B8E1B /* CJIMNewEventController.m in Sources */,
				09534378167FFA79004B8E1B /* User.m in Sources */,
				095343851680257F004B8E1B /* CJIMMapViewController.m in Sources */,
			);
			runOnlyForDeploymentPostprocessing = 0;
		};
/* End PBXSourcesBuildPhase section */

/* Begin PBXVariantGroup section */
		09D8D148167CCA070000BAA0 /* InfoPlist.strings */ = {
			isa = PBXVariantGroup;
			children = (
				09D8D149167CCA070000BAA0 /* en */,
			);
			name = InfoPlist.strings;
			sourceTree = "<group>";
		};
		09D8D157167CCA070000BAA0 /* MainStoryboard.storyboard */ = {
			isa = PBXVariantGroup;
			children = (
				09D8D158167CCA070000BAA0 /* en */,
			);
			name = MainStoryboard.storyboard;
			sourceTree = "<group>";
		};
/* End PBXVariantGroup section */

/* Begin XCBuildConfiguration section */
		09D8D163167CCA070000BAA0 /* Debug */ = {
			isa = XCBuildConfiguration;
			buildSettings = {
				ALWAYS_SEARCH_USER_PATHS = NO;
				CLANG_CXX_LANGUAGE_STANDARD = "gnu++0x";
				CLANG_CXX_LIBRARY = "libc++";
				CLANG_ENABLE_OBJC_ARC = YES;
				CLANG_WARN_EMPTY_BODY = YES;
				CLANG_WARN__DUPLICATE_METHOD_MATCH = YES;
				"CODE_SIGN_IDENTITY[sdk=iphoneos*]" = "iPhone Developer";
				COPY_PHASE_STRIP = NO;
				GCC_C_LANGUAGE_STANDARD = gnu99;
				GCC_DYNAMIC_NO_PIC = NO;
				GCC_OPTIMIZATION_LEVEL = 0;
				GCC_PREPROCESSOR_DEFINITIONS = (
					"DEBUG=1",
					"$(inherited)",
				);
				GCC_SYMBOLS_PRIVATE_EXTERN = NO;
				GCC_WARN_ABOUT_RETURN_TYPE = YES;
				GCC_WARN_UNINITIALIZED_AUTOS = YES;
				GCC_WARN_UNUSED_VARIABLE = YES;
				IPHONEOS_DEPLOYMENT_TARGET = 6.0;
				ONLY_ACTIVE_ARCH = YES;
				OTHER_LDFLAGS = "";
				SDKROOT = iphoneos;
			};
			name = Debug;
		};
		09D8D164167CCA070000BAA0 /* Release */ = {
			isa = XCBuildConfiguration;
			buildSettings = {
				ALWAYS_SEARCH_USER_PATHS = NO;
				CLANG_CXX_LANGUAGE_STANDARD = "gnu++0x";
				CLANG_CXX_LIBRARY = "libc++";
				CLANG_ENABLE_OBJC_ARC = YES;
				CLANG_WARN_EMPTY_BODY = YES;
				CLANG_WARN__DUPLICATE_METHOD_MATCH = YES;
				"CODE_SIGN_IDENTITY[sdk=iphoneos*]" = "iPhone Developer";
				COPY_PHASE_STRIP = YES;
				GCC_C_LANGUAGE_STANDARD = gnu99;
				GCC_WARN_ABOUT_RETURN_TYPE = YES;
				GCC_WARN_UNINITIALIZED_AUTOS = YES;
				GCC_WARN_UNUSED_VARIABLE = YES;
				IPHONEOS_DEPLOYMENT_TARGET = 6.0;
				OTHER_CFLAGS = "-DNS_BLOCK_ASSERTIONS=1";
				OTHER_LDFLAGS = "";
				SDKROOT = iphoneos;
				VALIDATE_PRODUCT = YES;
			};
			name = Release;
		};
		09D8D166167CCA070000BAA0 /* Debug */ = {
			isa = XCBuildConfiguration;
			buildSettings = {
				FRAMEWORK_SEARCH_PATHS = (
					"$(inherited)",
					"\"$(SRCROOT)\"",
				);
				GCC_PRECOMPILE_PREFIX_HEADER = YES;
				GCC_PREFIX_HEADER = "ImFamilyApp/ImFamilyApp-Prefix.pch";
				HEADER_SEARCH_PATHS = "\"Kal/src\"";
				INFOPLIST_FILE = "ImFamilyApp/ImFamilyApp-Info.plist";
				OTHER_LDFLAGS = "-Objc";
				"OTHER_LDFLAGS[arch=*]" = "-all_load";
				PRODUCT_NAME = KpImInTouch;
				WRAPPER_EXTENSION = app;
			};
			name = Debug;
		};
		09D8D167167CCA070000BAA0 /* Release */ = {
			isa = XCBuildConfiguration;
			buildSettings = {
				FRAMEWORK_SEARCH_PATHS = (
					"$(inherited)",
					"\"$(SRCROOT)\"",
				);
				GCC_PRECOMPILE_PREFIX_HEADER = YES;
				GCC_PREFIX_HEADER = "ImFamilyApp/ImFamilyApp-Prefix.pch";
				HEADER_SEARCH_PATHS = "\"Kal/src\"";
				INFOPLIST_FILE = "ImFamilyApp/ImFamilyApp-Info.plist";
				OTHER_LDFLAGS = "-Objc";
				"OTHER_LDFLAGS[arch=*]" = "-all_load";
				PRODUCT_NAME = KpImInTouch;
				WRAPPER_EXTENSION = app;
			};
			name = Release;
		};
/* End XCBuildConfiguration section */

/* Begin XCConfigurationList section */
		09D8D133167CCA070000BAA0 /* Build configuration list for PBXProject "ImFamilyApp" */ = {
			isa = XCConfigurationList;
			buildConfigurations = (
				09D8D163167CCA070000BAA0 /* Debug */,
				09D8D164167CCA070000BAA0 /* Release */,
			);
			defaultConfigurationIsVisible = 0;
			defaultConfigurationName = Release;
		};
		09D8D165167CCA070000BAA0 /* Build configuration list for PBXNativeTarget "ImFamilyApp" */ = {
			isa = XCConfigurationList;
			buildConfigurations = (
				09D8D166167CCA070000BAA0 /* Debug */,
				09D8D167167CCA070000BAA0 /* Release */,
			);
			defaultConfigurationIsVisible = 0;
			defaultConfigurationName = Release;
		};
/* End XCConfigurationList section */

/* Begin XCVersionGroup section */
		09D8D15A167CCA070000BAA0 /* ImFamilyApp.xcdatamodeld */ = {
			isa = XCVersionGroup;
			children = (
				09D8D15B167CCA070000BAA0 /* ImFamilyApp.xcdatamodel */,
			);
			currentVersion = 09D8D15B167CCA070000BAA0 /* ImFamilyApp.xcdatamodel */;
			path = ImFamilyApp.xcdatamodeld;
			sourceTree = "<group>";
			versionGroupType = wrapper.xcdatamodel;
		};
/* End XCVersionGroup section */
	};
	rootObject = 09D8D130167CCA070000BAA0 /* Project object */;
}
